
Microsoft Visual Studio Solution File, Format Version 12.00
# Visual Studio Version 17
VisualStudioVersion = 17.5.002.0
MinimumVisualStudioVersion = 10.0.40219.1
Project("{9A19103F-16F7-4668-BE54-9A1E7A4F7556}") = "MvcMovie", "MvcMovie.csproj", "{EF07A6B0-AF67-403A-9DEF-7434A9360431}"
EndProject
Global
	GlobalSection(SolutionConfigurationPlatforms) = preSolution
		Debug|Any CPU = Debug|Any CPU
		Release|Any CPU = Release|Any CPU
	EndGlobalSection
	GlobalSection(ProjectConfigurationPlatforms) = postSolution
		{EF07A6B0-AF67-403A-9DEF-7434A9360431}.Debug|Any CPU.ActiveCfg = Debug|Any CPU
		{EF07A6B0-AF67-403A-9DEF-7434A9360431}.Debug|Any CPU.Build.0 = Debug|Any CPU
		{EF07A6B0-AF67-403A-9DEF-7434A9360431}.Release|Any CPU.ActiveCfg = Release|Any CPU
		{EF07A6B0-AF67-403A-9DEF-7434A9360431}.Release|Any CPU.Build.0 = Release|Any CPU
	EndGlobalSection
	GlobalSection(SolutionProperties) = preSolution
		HideSolutionNode = FALSE
	EndGlobalSection
	GlobalSection(ExtensibilityGlobals) = postSolution
		SolutionGuid = {CFADC7C2-5CEB-410E-9D4B-48A8B39686DC}
	EndGlobalSection
EndGlobal
